
Microsoft Visual Studio Solution File, Format Version 12.00
# Visual Studio Version 17
VisualStudioVersion = 17.6.33626.354
MinimumVisualStudioVersion = 10.0.40219.1
Project("{2150E333-8FDC-42A3-9474-1A3956D46DE8}") = "Frontend", "Frontend", "{5533A911-5227-4813-BE9C-531041456129}"
EndProject
Project("{9A19103F-16F7-4668-BE54-9A1E7A4F7556}") = "Restaurant.Web", "Frontend\Restaurant.Web\Restaurant.Web.csproj", "{C946B2C9-7A1D-458E-BDCD-788B6A1650C1}"
EndProject
Project("{2150E333-8FDC-42A3-9474-1A3956D46DE8}") = "Services", "Services", "{67CE8A8F-BC9A-46A9-830C-D3CF794EDF68}"
EndProject
Project("{9A19103F-16F7-4668-BE54-9A1E7A4F7556}") = "Restaurant.Services.ProductAPI", "Services\Restaurant.Services.ProductAPI\Restaurant.Services.ProductAPI.csproj", "{1CCC8C44-4D7C-4259-A7AD-879BD52BF079}"
EndProject
Project("{9A19103F-16F7-4668-BE54-9A1E7A4F7556}") = "Restaurant.Services.Identity", "Services\Restaurant.Services.Identity\Restaurant.Services.Identity.csproj", "{E2A8E967-1F77-4969-B965-597BEC18121B}"
EndProject
Project("{9A19103F-16F7-4668-BE54-9A1E7A4F7556}") = "Restaurant.Services.ShoppingCartAPI", "Services\Restaurant.Services.ShoppingCartAPI\Restaurant.Services.ShoppingCartAPI.csproj", "{58ED5F2B-1BF1-43D6-8BE3-F5C485276AC0}"
EndProject
Project("{9A19103F-16F7-4668-BE54-9A1E7A4F7556}") = "Restaurant.Services.CouponAPI", "Services\Restaurant.Services.CouponAPI\Restaurant.Services.CouponAPI.csproj", "{89EE3829-00E6-4DCF-9803-F8A021408AD6}"
EndProject
Project("{2150E333-8FDC-42A3-9474-1A3956D46DE8}") = "Integration", "Integration", "{AF1E4298-2925-41A4-B479-4699D18DD1EB}"
EndProject
Project("{9A19103F-16F7-4668-BE54-9A1E7A4F7556}") = "Restaurant.MessageBus", "Integration\Restaurant.MessageBus\Restaurant.MessageBus.csproj", "{5AF81D10-5C10-4E38-A6ED-64281701FF61}"
EndProject
Project("{9A19103F-16F7-4668-BE54-9A1E7A4F7556}") = "Restaurant.Services.OrderAPI", "Services\Restaurant.Services.OrderAPI\Restaurant.Services.OrderAPI.csproj", "{14EECDEA-C5A2-4F78-8E7D-595D52693183}"
EndProject
Project("{2150E333-8FDC-42A3-9474-1A3956D46DE8}") = "Payments", "Payments", "{032B483B-6A6E-440F-8D6C-6551BF27ACC2}"
EndProject
Project("{9A19103F-16F7-4668-BE54-9A1E7A4F7556}") = "PaymentProcessor", "Payments\PaymentProcessor\PaymentProcessor.csproj", "{1E2541F3-B616-4AB1-B29D-567B00A443B9}"
EndProject
Project("{9A19103F-16F7-4668-BE54-9A1E7A4F7556}") = "Restaurant.Services.PaymentAPI", "Services\Restaurant.Services.PaymentAPI\Restaurant.Services.PaymentAPI.csproj", "{166F92C1-E91B-4592-8370-06E567BDB877}"
EndProject
Project("{9A19103F-16F7-4668-BE54-9A1E7A4F7556}") = "Restaurant.Services.Email", "Services\Restaurant.Services.Email\Restaurant.Services.Email.csproj", "{34666FB4-4C77-4AF6-8F88-0EB940AF6789}"
EndProject
Project("{2150E333-8FDC-42A3-9474-1A3956D46DE8}") = "Gateway", "Gateway", "{9C507FAB-B4DF-4A5C-81AB-8F08EC8A8497}"
EndProject
Project("{FAE04EC0-301F-11D3-BF4B-00C04F79EFBC}") = "Restaurant.Gateway", "Gateway\Restaurant.Gateway\Restaurant.Gateway.csproj", "{FF27F90F-7FD5-4663-88E7-74830BD8F291}"
EndProject
Global
	GlobalSection(SolutionConfigurationPlatforms) = preSolution
		Debug|Any CPU = Debug|Any CPU
		Release|Any CPU = Release|Any CPU
	EndGlobalSection
	GlobalSection(ProjectConfigurationPlatforms) = postSolution
		{C946B2C9-7A1D-458E-BDCD-788B6A1650C1}.Debug|Any CPU.ActiveCfg = Debug|Any CPU
		{C946B2C9-7A1D-458E-BDCD-788B6A1650C1}.Debug|Any CPU.Build.0 = Debug|Any CPU
		{C946B2C9-7A1D-458E-BDCD-788B6A1650C1}.Release|Any CPU.ActiveCfg = Release|Any CPU
		{C946B2C9-7A1D-458E-BDCD-788B6A1650C1}.Release|Any CPU.Build.0 = Release|Any CPU
		{1CCC8C44-4D7C-4259-A7AD-879BD52BF079}.Debug|Any CPU.ActiveCfg = Debug|Any CPU
		{1CCC8C44-4D7C-4259-A7AD-879BD52BF079}.Debug|Any CPU.Build.0 = Debug|Any CPU
		{1CCC8C44-4D7C-4259-A7AD-879BD52BF079}.Release|Any CPU.ActiveCfg = Release|Any CPU
		{1CCC8C44-4D7C-4259-A7AD-879BD52BF079}.Release|Any CPU.Build.0 = Release|Any CPU
		{E2A8E967-1F77-4969-B965-597BEC18121B}.Debug|Any CPU.ActiveCfg = Debug|Any CPU
		{E2A8E967-1F77-4969-B965-597BEC18121B}.Debug|Any CPU.Build.0 = Debug|Any CPU
		{E2A8E967-1F77-4969-B965-597BEC18121B}.Release|Any CPU.ActiveCfg = Release|Any CPU
		{E2A8E967-1F77-4969-B965-597BEC18121B}.Release|Any CPU.Build.0 = Release|Any CPU
		{58ED5F2B-1BF1-43D6-8BE3-F5C485276AC0}.Debug|Any CPU.ActiveCfg = Debug|Any CPU
		{58ED5F2B-1BF1-43D6-8BE3-F5C485276AC0}.Debug|Any CPU.Build.0 = Debug|Any CPU
		{58ED5F2B-1BF1-43D6-8BE3-F5C485276AC0}.Release|Any CPU.ActiveCfg = Release|Any CPU
		{58ED5F2B-1BF1-43D6-8BE3-F5C485276AC0}.Release|Any CPU.Build.0 = Release|Any CPU
		{89EE3829-00E6-4DCF-9803-F8A021408AD6}.Debug|Any CPU.ActiveCfg = Debug|Any CPU
		{89EE3829-00E6-4DCF-9803-F8A021408AD6}.Debug|Any CPU.Build.0 = Debug|Any CPU
		{89EE3829-00E6-4DCF-9803-F8A021408AD6}.Release|Any CPU.ActiveCfg = Release|Any CPU
		{89EE3829-00E6-4DCF-9803-F8A021408AD6}.Release|Any CPU.Build.0 = Release|Any CPU
		{5AF81D10-5C10-4E38-A6ED-64281701FF61}.Debug|Any CPU.ActiveCfg = Debug|Any CPU
		{5AF81D10-5C10-4E38-A6ED-64281701FF61}.Debug|Any CPU.Build.0 = Debug|Any CPU
		{5AF81D10-5C10-4E38-A6ED-64281701FF61}.Release|Any CPU.ActiveCfg = Release|Any CPU
		{5AF81D10-5C10-4E38-A6ED-64281701FF61}.Release|Any CPU.Build.0 = Release|Any CPU
		{14EECDEA-C5A2-4F78-8E7D-595D52693183}.Debug|Any CPU.ActiveCfg = Debug|Any CPU
		{14EECDEA-C5A2-4F78-8E7D-595D52693183}.Debug|Any CPU.Build.0 = Debug|Any CPU
		{14EECDEA-C5A2-4F78-8E7D-595D52693183}.Release|Any CPU.ActiveCfg = Release|Any CPU
		{14EECDEA-C5A2-4F78-8E7D-595D52693183}.Release|Any CPU.Build.0 = Release|Any CPU
		{1E2541F3-B616-4AB1-B29D-567B00A443B9}.Debug|Any CPU.ActiveCfg = Debug|Any CPU
		{1E2541F3-B616-4AB1-B29D-567B00A443B9}.Debug|Any CPU.Build.0 = Debug|Any CPU
		{1E2541F3-B616-4AB1-B29D-567B00A443B9}.Release|Any CPU.ActiveCfg = Release|Any CPU
		{1E2541F3-B616-4AB1-B29D-567B00A443B9}.Release|Any CPU.Build.0 = Release|Any CPU
		{166F92C1-E91B-4592-8370-06E567BDB877}.Debug|Any CPU.ActiveCfg = Debug|Any CPU
		{166F92C1-E91B-4592-8370-06E567BDB877}.Debug|Any CPU.Build.0 = Debug|Any CPU
		{166F92C1-E91B-4592-8370-06E567BDB877}.Release|Any CPU.ActiveCfg = Release|Any CPU
		{166F92C1-E91B-4592-8370-06E567BDB877}.Release|Any CPU.Build.0 = Release|Any CPU
		{34666FB4-4C77-4AF6-8F88-0EB940AF6789}.Debug|Any CPU.ActiveCfg = Debug|Any CPU
		{34666FB4-4C77-4AF6-8F88-0EB940AF6789}.Debug|Any CPU.Build.0 = Debug|Any CPU
		{34666FB4-4C77-4AF6-8F88-0EB940AF6789}.Release|Any CPU.ActiveCfg = Release|Any CPU
		{34666FB4-4C77-4AF6-8F88-0EB940AF6789}.Release|Any CPU.Build.0 = Release|Any CPU
		{FF27F90F-7FD5-4663-88E7-74830BD8F291}.Debug|Any CPU.ActiveCfg = Debug|Any CPU
		{FF27F90F-7FD5-4663-88E7-74830BD8F291}.Debug|Any CPU.Build.0 = Debug|Any CPU
		{FF27F90F-7FD5-4663-88E7-74830BD8F291}.Release|Any CPU.ActiveCfg = Release|Any CPU
		{FF27F90F-7FD5-4663-88E7-74830BD8F291}.Release|Any CPU.Build.0 = Release|Any CPU
	EndGlobalSection
	GlobalSection(SolutionProperties) = preSolution
		HideSolutionNode = FALSE
	EndGlobalSection
	GlobalSection(NestedProjects) = preSolution
		{C946B2C9-7A1D-458E-BDCD-788B6A1650C1} = {5533A911-5227-4813-BE9C-531041456129}
		{1CCC8C44-4D7C-4259-A7AD-879BD52BF079} = {67CE8A8F-BC9A-46A9-830C-D3CF794EDF68}
		{E2A8E967-1F77-4969-B965-597BEC18121B} = {67CE8A8F-BC9A-46A9-830C-D3CF794EDF68}
		{58ED5F2B-1BF1-43D6-8BE3-F5C485276AC0} = {67CE8A8F-BC9A-46A9-830C-D3CF794EDF68}
		{89EE3829-00E6-4DCF-9803-F8A021408AD6} = {67CE8A8F-BC9A-46A9-830C-D3CF794EDF68}
		{5AF81D10-5C10-4E38-A6ED-64281701FF61} = {AF1E4298-2925-41A4-B479-4699D18DD1EB}
		{14EECDEA-C5A2-4F78-8E7D-595D52693183} = {67CE8A8F-BC9A-46A9-830C-D3CF794EDF68}
		{1E2541F3-B616-4AB1-B29D-567B00A443B9} = {032B483B-6A6E-440F-8D6C-6551BF27ACC2}
		{166F92C1-E91B-4592-8370-06E567BDB877} = {67CE8A8F-BC9A-46A9-830C-D3CF794EDF68}
		{34666FB4-4C77-4AF6-8F88-0EB940AF6789} = {67CE8A8F-BC9A-46A9-830C-D3CF794EDF68}
		{FF27F90F-7FD5-4663-88E7-74830BD8F291} = {9C507FAB-B4DF-4A5C-81AB-8F08EC8A8497}
	EndGlobalSection
	GlobalSection(ExtensibilityGlobals) = postSolution
		SolutionGuid = {3F9542CD-0A81-4695-AA33-51A613A8A6D9}
	EndGlobalSection
EndGlobal
